
Microsoft Visual Studio Solution File, Format Version 12.00
# Visual Studio Version 17
VisualStudioVersion = 17.5.33502.453
MinimumVisualStudioVersion = 10.0.40219.1
Project("{9A19103F-16F7-4668-BE54-9A1E7A4F7556}") = "Real_Estate", "Real_Estate.csproj", "{3376C8F5-2CB2-4BBE-A99D-D65A4DB1A0B5}"
EndProject
Global
	GlobalSection(SolutionConfigurationPlatforms) = preSolution
		Debug|Any CPU = Debug|Any CPU
		Release|Any CPU = Release|Any CPU
	EndGlobalSection
	GlobalSection(ProjectConfigurationPlatforms) = postSolution
		{3376C8F5-2CB2-4BBE-A99D-D65A4DB1A0B5}.Debug|Any CPU.ActiveCfg = Debug|Any CPU
		{3376C8F5-2CB2-4BBE-A99D-D65A4DB1A0B5}.Debug|Any CPU.Build.0 = Debug|Any CPU
		{3376C8F5-2CB2-4BBE-A99D-D65A4DB1A0B5}.Release|Any CPU.ActiveCfg = Release|Any CPU
		{3376C8F5-2CB2-4BBE-A99D-D65A4DB1A0B5}.Release|Any CPU.Build.0 = Release|Any CPU
	EndGlobalSection
	GlobalSection(SolutionProperties) = preSolution
		HideSolutionNode = FALSE
	EndGlobalSection
	GlobalSection(ExtensibilityGlobals) = postSolution
		SolutionGuid = {AF3169B6-93CC-49C1-8206-5C994BD15223}
	EndGlobalSection
EndGlobal
